
Microsoft Visual Studio Solution File, Format Version 12.00
# Visual Studio Version 16
VisualStudioVersion = 16.0.31005.135
MinimumVisualStudioVersion = 10.0.40219.1
Project("{FAE04EC0-301F-11D3-BF4B-00C04F79EFBC}") = "LINQ tasks", "LINQ tasks\LINQ tasks.csproj", "{40646A36-3E0F-40A8-AA9D-9CC06BD7A14B}"
EndProject
Project("{FAE04EC0-301F-11D3-BF4B-00C04F79EFBC}") = "UnitTestProject1", "UnitTestProject1\UnitTestProject1.csproj", "{D517DAAE-45D3-4A0B-9759-83A6BE34F38A}"
EndProject
Global
	GlobalSection(SolutionConfigurationPlatforms) = preSolution
		Debug|Any CPU = Debug|Any CPU
		Release|Any CPU = Release|Any CPU
	EndGlobalSection
	GlobalSection(ProjectConfigurationPlatforms) = postSolution
		{40646A36-3E0F-40A8-AA9D-9CC06BD7A14B}.Debug|Any CPU.ActiveCfg = Debug|Any CPU
		{40646A36-3E0F-40A8-AA9D-9CC06BD7A14B}.Debug|Any CPU.Build.0 = Debug|Any CPU
		{40646A36-3E0F-40A8-AA9D-9CC06BD7A14B}.Release|Any CPU.ActiveCfg = Release|Any CPU
		{40646A36-3E0F-40A8-AA9D-9CC06BD7A14B}.Release|Any CPU.Build.0 = Release|Any CPU
		{D517DAAE-45D3-4A0B-9759-83A6BE34F38A}.Debug|Any CPU.ActiveCfg = Debug|Any CPU
		{D517DAAE-45D3-4A0B-9759-83A6BE34F38A}.Debug|Any CPU.Build.0 = Debug|Any CPU
		{D517DAAE-45D3-4A0B-9759-83A6BE34F38A}.Release|Any CPU.ActiveCfg = Release|Any CPU
		{D517DAAE-45D3-4A0B-9759-83A6BE34F38A}.Release|Any CPU.Build.0 = Release|Any CPU
	EndGlobalSection
	GlobalSection(SolutionProperties) = preSolution
		HideSolutionNode = FALSE
	EndGlobalSection
	GlobalSection(ExtensibilityGlobals) = postSolution
		SolutionGuid = {723F5190-BD58-4493-A05F-1D07AFE5FE48}
	EndGlobalSection
EndGlobal
