
Microsoft Visual Studio Solution File, Format Version 12.00
# Visual Studio Version 16
VisualStudioVersion = 16.0.31005.135
MinimumVisualStudioVersion = 10.0.40219.1
Project("{FAE04EC0-301F-11D3-BF4B-00C04F79EFBC}") = "Interfaces", "Interfaces\Interfaces.csproj", "{3BB19C33-6BD6-410D-9D42-41D99D9AD823}"
EndProject
Global
	GlobalSection(SolutionConfigurationPlatforms) = preSolution
		Debug|Any CPU = Debug|Any CPU
		Release|Any CPU = Release|Any CPU
	EndGlobalSection
	GlobalSection(ProjectConfigurationPlatforms) = postSolution
		{3BB19C33-6BD6-410D-9D42-41D99D9AD823}.Debug|Any CPU.ActiveCfg = Debug|Any CPU
		{3BB19C33-6BD6-410D-9D42-41D99D9AD823}.Debug|Any CPU.Build.0 = Debug|Any CPU
		{3BB19C33-6BD6-410D-9D42-41D99D9AD823}.Release|Any CPU.ActiveCfg = Release|Any CPU
		{3BB19C33-6BD6-410D-9D42-41D99D9AD823}.Release|Any CPU.Build.0 = Release|Any CPU
	EndGlobalSection
	GlobalSection(SolutionProperties) = preSolution
		HideSolutionNode = FALSE
	EndGlobalSection
	GlobalSection(ExtensibilityGlobals) = postSolution
		SolutionGuid = {B0277BA5-0F02-421F-B57D-88AB3B0DF6D0}
	EndGlobalSection
EndGlobal
